
Microsoft Visual Studio Solution File, Format Version 12.00
# Visual Studio 15
VisualStudioVersion = 15.0.27004.2005
MinimumVisualStudioVersion = 10.0.40219.1
Project("{FAE04EC0-301F-11D3-BF4B-00C04F79EFBC}") = "HelloWorld", "HelloWorld\HelloWorld.csproj", "{E3D42CAF-2D3F-4880-A405-6092C19309C0}"
EndProject
Global
	GlobalSection(SolutionConfigurationPlatforms) = preSolution
		Debug|Any CPU = Debug|Any CPU
		Release|Any CPU = Release|Any CPU
	EndGlobalSection
	GlobalSection(ProjectConfigurationPlatforms) = postSolution
		{E3D42CAF-2D3F-4880-A405-6092C19309C0}.Debug|Any CPU.ActiveCfg = Debug|Any CPU
		{E3D42CAF-2D3F-4880-A405-6092C19309C0}.Debug|Any CPU.Build.0 = Debug|Any CPU
		{E3D42CAF-2D3F-4880-A405-6092C19309C0}.Release|Any CPU.ActiveCfg = Release|Any CPU
		{E3D42CAF-2D3F-4880-A405-6092C19309C0}.Release|Any CPU.Build.0 = Release|Any CPU
	EndGlobalSection
	GlobalSection(SolutionProperties) = preSolution
		HideSolutionNode = FALSE
	EndGlobalSection
	GlobalSection(ExtensibilityGlobals) = postSolution
		SolutionGuid = {C4247DED-B684-4DB4-A62D-B9EDE2F1EAD7}
	EndGlobalSection
EndGlobal
